
Microsoft Visual Studio Solution File, Format Version 12.00
Project("{2150E333-8FDC-42A3-9474-1A3956D46DE8}") = "Solution Items", "Solution Items", "{6A12CDEB-F107-47C8-916B-69C3251D7C23}"
	ProjectSection(SolutionItems) = preProject
		docker-compose.yml = docker-compose.yml
		docker-compose.override.yml = docker-compose.override.yml
	EndProjectSection
EndProject
Project("{2150E333-8FDC-42A3-9474-1A3956D46DE8}") = "StoreFront", "StoreFront", "{758D6AD0-0183-4641-BBBE-70C088C7CCB9}"
EndProject
Project("{FAE04EC0-301F-11D3-BF4B-00C04F79EFBC}") = "BakeryStore.API", "src\StoreFront\BakeryStore.API\BakeryStore.API.csproj", "{7CAEB3EF-95EB-4C5F-A752-E7D7A056DD51}"
EndProject
Project("{2150E333-8FDC-42A3-9474-1A3956D46DE8}") = "Basket", "Basket", "{0D336FFE-3A88-4AD3-B416-9032FD79DDE8}"
EndProject
Project("{2150E333-8FDC-42A3-9474-1A3956D46DE8}") = "Catalog", "Catalog", "{792C1284-DDDC-4A94-B001-11825161C263}"
EndProject
Project("{2150E333-8FDC-42A3-9474-1A3956D46DE8}") = "Discount", "Discount", "{60A0F467-6FF6-4118-92B0-934826302366}"
EndProject
Project("{FAE04EC0-301F-11D3-BF4B-00C04F79EFBC}") = "Catalog.API", "src\Catalog\Catalog.API\Catalog.API.csproj", "{8F98CAD0-0AD4-4EC9-97F9-8EEF91051236}"
EndProject
Project("{FAE04EC0-301F-11D3-BF4B-00C04F79EFBC}") = "Catalog.Domain", "src\Catalog\Catalog.Domain\Catalog.Domain.csproj", "{4349257E-F5AA-40D4-95F1-79A7E6BD01E2}"
EndProject
Project("{FAE04EC0-301F-11D3-BF4B-00C04F79EFBC}") = "Catalog.Infrastructure", "src\Catalog\Catalog.Infrastructure\Catalog.Infrastructure.csproj", "{850A8BDA-987B-4FEB-B326-1F3C71FAE90F}"
EndProject
Project("{FAE04EC0-301F-11D3-BF4B-00C04F79EFBC}") = "Basket.API", "src\Basket\Basket.API\Basket.API.csproj", "{69D0A457-080F-4930-B0EB-3B4C67FFB6A3}"
EndProject
Project("{FAE04EC0-301F-11D3-BF4B-00C04F79EFBC}") = "Basket.Domain", "src\Basket\Basket.Domain\Basket.Domain.csproj", "{1564DE00-2D99-42A9-A1B4-98221DD83377}"
EndProject
Project("{FAE04EC0-301F-11D3-BF4B-00C04F79EFBC}") = "Basket.Infrastructure", "src\Basket\Basket.Infrastructure\Basket.Infrastructure.csproj", "{5DEFCA8B-D8F3-4175-AFE0-A08C9A74FFC5}"
EndProject
Project("{FAE04EC0-301F-11D3-BF4B-00C04F79EFBC}") = "Discount.API", "src\Discount\Discount.API\Discount.API.csproj", "{69F0E70C-A8C2-4790-B2FF-A940511B06BB}"
EndProject
Project("{FAE04EC0-301F-11D3-BF4B-00C04F79EFBC}") = "Discount.Domain", "src\Discount\Discount.Domain\Discount.Domain.csproj", "{EF4F26EB-DD9D-4CA2-B740-0ED9483D3115}"
EndProject
Project("{FAE04EC0-301F-11D3-BF4B-00C04F79EFBC}") = "Discount.Infrastructure", "src\Discount\Discount.Infrastructure\Discount.Infrastructure.csproj", "{88893C72-777A-41EF-963D-29F6813EE427}"
EndProject
Project("{FAE04EC0-301F-11D3-BF4B-00C04F79EFBC}") = "Discount.Grpc", "src\Discount\Discount.Grpc\Discount.Grpc.csproj", "{ADF33BB0-E31D-45D3-A050-765CFB2EFAF0}"
EndProject
Project("{FAE04EC0-301F-11D3-BF4B-00C04F79EFBC}") = "Catalog.ACL", "src\Catalog\Catalog.ACL\Catalog.ACL.csproj", "{3F805BD3-29D6-4124-8BEC-207EFE08B1F7}"
EndProject
Global
	GlobalSection(SolutionConfigurationPlatforms) = preSolution
		Debug|Any CPU = Debug|Any CPU
		Release|Any CPU = Release|Any CPU
	EndGlobalSection
	GlobalSection(ProjectConfigurationPlatforms) = postSolution
		{7CAEB3EF-95EB-4C5F-A752-E7D7A056DD51}.Debug|Any CPU.ActiveCfg = Debug|Any CPU
		{7CAEB3EF-95EB-4C5F-A752-E7D7A056DD51}.Debug|Any CPU.Build.0 = Debug|Any CPU
		{7CAEB3EF-95EB-4C5F-A752-E7D7A056DD51}.Release|Any CPU.ActiveCfg = Release|Any CPU
		{7CAEB3EF-95EB-4C5F-A752-E7D7A056DD51}.Release|Any CPU.Build.0 = Release|Any CPU
		{8F98CAD0-0AD4-4EC9-97F9-8EEF91051236}.Debug|Any CPU.ActiveCfg = Debug|Any CPU
		{8F98CAD0-0AD4-4EC9-97F9-8EEF91051236}.Debug|Any CPU.Build.0 = Debug|Any CPU
		{8F98CAD0-0AD4-4EC9-97F9-8EEF91051236}.Release|Any CPU.ActiveCfg = Release|Any CPU
		{8F98CAD0-0AD4-4EC9-97F9-8EEF91051236}.Release|Any CPU.Build.0 = Release|Any CPU
		{4349257E-F5AA-40D4-95F1-79A7E6BD01E2}.Debug|Any CPU.ActiveCfg = Debug|Any CPU
		{4349257E-F5AA-40D4-95F1-79A7E6BD01E2}.Debug|Any CPU.Build.0 = Debug|Any CPU
		{4349257E-F5AA-40D4-95F1-79A7E6BD01E2}.Release|Any CPU.ActiveCfg = Release|Any CPU
		{4349257E-F5AA-40D4-95F1-79A7E6BD01E2}.Release|Any CPU.Build.0 = Release|Any CPU
		{850A8BDA-987B-4FEB-B326-1F3C71FAE90F}.Debug|Any CPU.ActiveCfg = Debug|Any CPU
		{850A8BDA-987B-4FEB-B326-1F3C71FAE90F}.Debug|Any CPU.Build.0 = Debug|Any CPU
		{850A8BDA-987B-4FEB-B326-1F3C71FAE90F}.Release|Any CPU.ActiveCfg = Release|Any CPU
		{850A8BDA-987B-4FEB-B326-1F3C71FAE90F}.Release|Any CPU.Build.0 = Release|Any CPU
		{69D0A457-080F-4930-B0EB-3B4C67FFB6A3}.Debug|Any CPU.ActiveCfg = Debug|Any CPU
		{69D0A457-080F-4930-B0EB-3B4C67FFB6A3}.Debug|Any CPU.Build.0 = Debug|Any CPU
		{69D0A457-080F-4930-B0EB-3B4C67FFB6A3}.Release|Any CPU.ActiveCfg = Release|Any CPU
		{69D0A457-080F-4930-B0EB-3B4C67FFB6A3}.Release|Any CPU.Build.0 = Release|Any CPU
		{1564DE00-2D99-42A9-A1B4-98221DD83377}.Debug|Any CPU.ActiveCfg = Debug|Any CPU
		{1564DE00-2D99-42A9-A1B4-98221DD83377}.Debug|Any CPU.Build.0 = Debug|Any CPU
		{1564DE00-2D99-42A9-A1B4-98221DD83377}.Release|Any CPU.ActiveCfg = Release|Any CPU
		{1564DE00-2D99-42A9-A1B4-98221DD83377}.Release|Any CPU.Build.0 = Release|Any CPU
		{5DEFCA8B-D8F3-4175-AFE0-A08C9A74FFC5}.Debug|Any CPU.ActiveCfg = Debug|Any CPU
		{5DEFCA8B-D8F3-4175-AFE0-A08C9A74FFC5}.Debug|Any CPU.Build.0 = Debug|Any CPU
		{5DEFCA8B-D8F3-4175-AFE0-A08C9A74FFC5}.Release|Any CPU.ActiveCfg = Release|Any CPU
		{5DEFCA8B-D8F3-4175-AFE0-A08C9A74FFC5}.Release|Any CPU.Build.0 = Release|Any CPU
		{69F0E70C-A8C2-4790-B2FF-A940511B06BB}.Debug|Any CPU.ActiveCfg = Debug|Any CPU
		{69F0E70C-A8C2-4790-B2FF-A940511B06BB}.Debug|Any CPU.Build.0 = Debug|Any CPU
		{69F0E70C-A8C2-4790-B2FF-A940511B06BB}.Release|Any CPU.ActiveCfg = Release|Any CPU
		{69F0E70C-A8C2-4790-B2FF-A940511B06BB}.Release|Any CPU.Build.0 = Release|Any CPU
		{EF4F26EB-DD9D-4CA2-B740-0ED9483D3115}.Debug|Any CPU.ActiveCfg = Debug|Any CPU
		{EF4F26EB-DD9D-4CA2-B740-0ED9483D3115}.Debug|Any CPU.Build.0 = Debug|Any CPU
		{EF4F26EB-DD9D-4CA2-B740-0ED9483D3115}.Release|Any CPU.ActiveCfg = Release|Any CPU
		{EF4F26EB-DD9D-4CA2-B740-0ED9483D3115}.Release|Any CPU.Build.0 = Release|Any CPU
		{88893C72-777A-41EF-963D-29F6813EE427}.Debug|Any CPU.ActiveCfg = Debug|Any CPU
		{88893C72-777A-41EF-963D-29F6813EE427}.Debug|Any CPU.Build.0 = Debug|Any CPU
		{88893C72-777A-41EF-963D-29F6813EE427}.Release|Any CPU.ActiveCfg = Release|Any CPU
		{88893C72-777A-41EF-963D-29F6813EE427}.Release|Any CPU.Build.0 = Release|Any CPU
		{ADF33BB0-E31D-45D3-A050-765CFB2EFAF0}.Debug|Any CPU.ActiveCfg = Debug|Any CPU
		{ADF33BB0-E31D-45D3-A050-765CFB2EFAF0}.Debug|Any CPU.Build.0 = Debug|Any CPU
		{ADF33BB0-E31D-45D3-A050-765CFB2EFAF0}.Release|Any CPU.ActiveCfg = Release|Any CPU
		{ADF33BB0-E31D-45D3-A050-765CFB2EFAF0}.Release|Any CPU.Build.0 = Release|Any CPU
		{3F805BD3-29D6-4124-8BEC-207EFE08B1F7}.Debug|Any CPU.ActiveCfg = Debug|Any CPU
		{3F805BD3-29D6-4124-8BEC-207EFE08B1F7}.Debug|Any CPU.Build.0 = Debug|Any CPU
		{3F805BD3-29D6-4124-8BEC-207EFE08B1F7}.Release|Any CPU.ActiveCfg = Release|Any CPU
		{3F805BD3-29D6-4124-8BEC-207EFE08B1F7}.Release|Any CPU.Build.0 = Release|Any CPU
	EndGlobalSection
	GlobalSection(NestedProjects) = preSolution
		{758D6AD0-0183-4641-BBBE-70C088C7CCB9} = {6A12CDEB-F107-47C8-916B-69C3251D7C23}
		{7CAEB3EF-95EB-4C5F-A752-E7D7A056DD51} = {758D6AD0-0183-4641-BBBE-70C088C7CCB9}
		{0D336FFE-3A88-4AD3-B416-9032FD79DDE8} = {6A12CDEB-F107-47C8-916B-69C3251D7C23}
		{792C1284-DDDC-4A94-B001-11825161C263} = {6A12CDEB-F107-47C8-916B-69C3251D7C23}
		{60A0F467-6FF6-4118-92B0-934826302366} = {6A12CDEB-F107-47C8-916B-69C3251D7C23}
		{8F98CAD0-0AD4-4EC9-97F9-8EEF91051236} = {792C1284-DDDC-4A94-B001-11825161C263}
		{4349257E-F5AA-40D4-95F1-79A7E6BD01E2} = {792C1284-DDDC-4A94-B001-11825161C263}
		{850A8BDA-987B-4FEB-B326-1F3C71FAE90F} = {792C1284-DDDC-4A94-B001-11825161C263}
		{69D0A457-080F-4930-B0EB-3B4C67FFB6A3} = {0D336FFE-3A88-4AD3-B416-9032FD79DDE8}
		{1564DE00-2D99-42A9-A1B4-98221DD83377} = {0D336FFE-3A88-4AD3-B416-9032FD79DDE8}
		{5DEFCA8B-D8F3-4175-AFE0-A08C9A74FFC5} = {0D336FFE-3A88-4AD3-B416-9032FD79DDE8}
		{69F0E70C-A8C2-4790-B2FF-A940511B06BB} = {60A0F467-6FF6-4118-92B0-934826302366}
		{EF4F26EB-DD9D-4CA2-B740-0ED9483D3115} = {60A0F467-6FF6-4118-92B0-934826302366}
		{88893C72-777A-41EF-963D-29F6813EE427} = {60A0F467-6FF6-4118-92B0-934826302366}
		{ADF33BB0-E31D-45D3-A050-765CFB2EFAF0} = {60A0F467-6FF6-4118-92B0-934826302366}
		{3F805BD3-29D6-4124-8BEC-207EFE08B1F7} = {792C1284-DDDC-4A94-B001-11825161C263}
	EndGlobalSection
EndGlobal
